cachetools==5.5.0
certifi==2024.8.30
cfgv==3.4.0
charset-normalizer==3.4.0
-e git+ssh://git@github.com/Princeton-CDH/ppa-nlp.git@abde1a5df721f7e44112cc8053bc10251d637130#egg=corppa
coverage==7.6.4
distlib==0.3.9
filelock==3.16.1
google-api-core==2.22.0
google-auth==2.35.0
google-cloud-vision==3.8.0
googleapis-common-protos==1.65.0
grpcio==1.67.1
grpcio-status==1.67.1
identify==2.6.1
idna==3.10
iniconfig==2.0.0
intspan==1.6.1
nodeenv==1.9.1
orjson==3.10.10
orjsonl==1.0.0
packaging==24.1
platformdirs==4.3.6
pluggy==1.5.0
pre_commit==4.0.1
proto-plus==1.25.0
protobuf==5.28.3
pyasn1==0.6.1
pyasn1_modules==0.4.1
pytest==8.3.3
pytest-cov==6.0.0
PyYAML==6.0.2
requests==2.32.3
rsa==4.9
setuptools==75.1.0
tqdm==4.66.6
urllib3==2.2.3
virtualenv==20.27.1
wheel==0.44.0
xopen==2.0.2
